
Microsoft Visual Studio Solution File, Format Version 12.00
# Visual Studio Version 17
VisualStudioVersion = 17.14.36603.0 d17.14
MinimumVisualStudioVersion = 10.0.40219.1
Project("{FAE04EC0-301F-11D3-BF4B-00C04F79EFBC}") = "MPP.Back.API", "MPP.Back.API\MPP.Back.API.csproj", "{0B5B7A6D-6E79-4A1C-9CC2-ABA03175317A}"
EndProject
Project("{FAE04EC0-301F-11D3-BF4B-00C04F79EFBC}") = "MPP.Back.Application", "MPP.Back.Application\MPP.Back.Application.csproj", "{A387510A-A54B-4FA5-B708-0D990068B5A8}"
EndProject
Project("{FAE04EC0-301F-11D3-BF4B-00C04F79EFBC}") = "MPP.Back.Domain", "MPP.Back.Domain\MPP.Back.Domain.csproj", "{60462EFD-25E5-47C4-B918-D57D942AA173}"
EndProject
Project("{FAE04EC0-301F-11D3-BF4B-00C04F79EFBC}") = "MPP.Back.Infrastructure", "MPP.Back.Infrastructure\MPP.Back.Infrastructure.csproj", "{16A236DF-A396-4029-A09F-F5DBB9CFAD4C}"
EndProject
Project("{FAE04EC0-301F-11D3-BF4B-00C04F79EFBC}") = "MPP.Back.Shared", "MPP.Back.Shared\MPP.Back.Shared.csproj", "{9C513569-1000-4A0C-A693-0D70B501E7FD}"
EndProject
Global
	GlobalSection(SolutionConfigurationPlatforms) = preSolution
		Debug|Any CPU = Debug|Any CPU
		Release|Any CPU = Release|Any CPU
	EndGlobalSection
	GlobalSection(ProjectConfigurationPlatforms) = postSolution
		{0B5B7A6D-6E79-4A1C-9CC2-ABA03175317A}.Debug|Any CPU.ActiveCfg = Debug|Any CPU
		{0B5B7A6D-6E79-4A1C-9CC2-ABA03175317A}.Debug|Any CPU.Build.0 = Debug|Any CPU
		{0B5B7A6D-6E79-4A1C-9CC2-ABA03175317A}.Release|Any CPU.ActiveCfg = Release|Any CPU
		{0B5B7A6D-6E79-4A1C-9CC2-ABA03175317A}.Release|Any CPU.Build.0 = Release|Any CPU
		{A387510A-A54B-4FA5-B708-0D990068B5A8}.Debug|Any CPU.ActiveCfg = Debug|Any CPU
		{A387510A-A54B-4FA5-B708-0D990068B5A8}.Debug|Any CPU.Build.0 = Debug|Any CPU
		{A387510A-A54B-4FA5-B708-0D990068B5A8}.Release|Any CPU.ActiveCfg = Release|Any CPU
		{A387510A-A54B-4FA5-B708-0D990068B5A8}.Release|Any CPU.Build.0 = Release|Any CPU
		{60462EFD-25E5-47C4-B918-D57D942AA173}.Debug|Any CPU.ActiveCfg = Debug|Any CPU
		{60462EFD-25E5-47C4-B918-D57D942AA173}.Debug|Any CPU.Build.0 = Debug|Any CPU
		{60462EFD-25E5-47C4-B918-D57D942AA173}.Release|Any CPU.ActiveCfg = Release|Any CPU
		{60462EFD-25E5-47C4-B918-D57D942AA173}.Release|Any CPU.Build.0 = Release|Any CPU
		{16A236DF-A396-4029-A09F-F5DBB9CFAD4C}.Debug|Any CPU.ActiveCfg = Debug|Any CPU
		{16A236DF-A396-4029-A09F-F5DBB9CFAD4C}.Debug|Any CPU.Build.0 = Debug|Any CPU
		{16A236DF-A396-4029-A09F-F5DBB9CFAD4C}.Release|Any CPU.ActiveCfg = Release|Any CPU
		{16A236DF-A396-4029-A09F-F5DBB9CFAD4C}.Release|Any CPU.Build.0 = Release|Any CPU
		{9C513569-1000-4A0C-A693-0D70B501E7FD}.Debug|Any CPU.ActiveCfg = Debug|Any CPU
		{9C513569-1000-4A0C-A693-0D70B501E7FD}.Debug|Any CPU.Build.0 = Debug|Any CPU
		{9C513569-1000-4A0C-A693-0D70B501E7FD}.Release|Any CPU.ActiveCfg = Release|Any CPU
		{9C513569-1000-4A0C-A693-0D70B501E7FD}.Release|Any CPU.Build.0 = Release|Any CPU
	EndGlobalSection
	GlobalSection(SolutionProperties) = preSolution
		HideSolutionNode = FALSE
	EndGlobalSection
	GlobalSection(ExtensibilityGlobals) = postSolution
		SolutionGuid = {EAF98FEA-02F8-4162-B1CA-D7ECF8D35CAE}
	EndGlobalSection
EndGlobal
